{
  "name": "buntrade",
  "version": "2.0.0",
  "lockfileVersion": 2,
  "requires": true,
  "packages": {
    "": {
      "name": "buntrade",
      "version": "2.0.0",
      "license": "MIT",
      "dependencies": {
        "bun": "1.4.1"
      },
      "devDependencies": {
        "playwright": "^1.62.1",
        "typescript": "6.0.3"
      }
    },
    "node_modules/@oven/bun-darwin-aarch64": {
      "version": "1.4.1",
      "resolved": "https://registry.npmjs.org/@oven/bun-darwin-aarch64/-/bun-darwin-aarch64-1.4.1.tgz",
      "integrity": "sha512-XDvoYbH1rH3fpFYM/9U6y3nSk9KPTqeDvAcCfseSbfu2iXerF0pX7dh0lAwevi2VooHjc6MsyyWwmRiaN33s/A==",
      "cpu": [
        "arm64"
      ],
      "license": "MIT",
      "optional": true,
      "os": [
        "darwin"
      ]
    },
    "node_modules/@oven/bun-darwin-x64": {
      "version": "1.4.1",
      "resolved": "https://registry.npmjs.org/@oven/bun-darwin-x64/-/bun-darwin-x64-1.4.1.tgz",
      "integrity": "sha512-i+eEXD6cUu7/pP3QGvfUlkOkY+J7O8XKggkSKS77yg++EUk1p1vqfG0loQXwHBIEycPYL9Tp7mKcixiARAT9nQ==",
      "cpu": [
        "x64"
      ],
      "license": "MIT",
      "optional": true,
      "os": [
        "darwin"
      ]
    },
    "node_modules/@oven/bun-freebsd-aarch64": {
      "version": "1.4.1",
      "resolved": "https://registry.npmjs.org/@oven/bun-freebsd-aarch64/-/bun-freebsd-aarch64-1.4.1.tgz",
      "integrity": "sha512-v0iWcYXsV8m65LKhdQLnSxS/Q0nCcRkWZoqAXq286JByzt6SaWAJpFWrBdZUK7t1n2EvkkKts87SWIfFxNysEA==",
      "cpu": [
        "arm64"
      ],
      "license": "MIT",
      "optional": true,
      "os": [
        "freebsd"
      ]
    },
    "node_modules/@oven/bun-freebsd-x64": {
      "version": "1.4.1",
      "resolved": "https://registry.npmjs.org/@oven/bun-freebsd-x64/-/bun-freebsd-x64-1.4.1.tgz",
      "integrity": "sha512-XjQE0hDpIvZnK6NErIh1mVI5XUWNFbo7jyysAW7PiHAGxok9rlqIQo2fQrY0XlkG8Cj7qjPGbV9PwFMXP5JHQg==",
      "cpu": [
        "x64"
      ],
      "license": "MIT",
      "optional": true,
      "os": [
        "freebsd"
      ]
    },
    "node_modules/@oven/bun-linux-aarch64": {
      "version": "1.4.1",
      "resolved": "https://registry.npmjs.org/@oven/bun-linux-aarch64/-/bun-linux-aarch64-1.4.1.tgz",
      "integrity": "sha512-QLY/skFymGa6vv9xPhxWwGh4QQzXvPhA3ocFVXaoB1Lcepcwo9dZ5TyMmAXIW/I4XImUsppUVGml0dp6QqwO9Q==",
      "cpu": [
        "arm64"
      ],
      "libc": [
        "glibc"
      ],
      "license": "MIT",
      "optional": true,
      "os": [
        "linux"
      ]
    },
    "node_modules/@oven/bun-linux-aarch64-android": {
      "version": "1.4.1",
      "resolved": "https://registry.npmjs.org/@oven/bun-linux-aarch64-android/-/bun-linux-aarch64-android-1.4.1.tgz",
      "integrity": "sha512-iJwfQXu0CpIceOLeXZVLmjp0WwvRVea8KegCpE9LbuLiupVjzB3jzXI3PWhewo58hVYwG5H76zFSo4bRnVdfBg==",
      "cpu": [
        "arm64"
      ],
      "license": "MIT",
      "optional": true,
      "os": [
        "android"
      ]
    },
    "node_modules/@oven/bun-linux-aarch64-musl": {
      "version": "1.4.1",
      "resolved": "https://registry.npmjs.org/@oven/bun-linux-aarch64-musl/-/bun-linux-aarch64-musl-1.4.1.tgz",
      "integrity": "sha512-NlO+8jNIo9oGMRtUFA8pyc5OAgdn1yUjqg6k7ntOdOyf8iAIvAJyAU1z/rvMMmxlPlh2AbsQZiHrA6dkbKMVsg==",
      "cpu": [
        "arm64"
      ],
      "libc": [
        "musl"
      ],
      "license": "MIT",
      "optional": true,
      "os": [
        "linux"
      ]
    },
    "node_modules/@oven/bun-linux-x64": {
      "version": "1.4.1",
      "resolved": "https://registry.npmjs.org/@oven/bun-linux-x64/-/bun-linux-x64-1.4.1.tgz",
      "integrity": "sha512-ma2AO7f/0YZ1KLU7IHO0BFd41zryMbPA2hzgyIw5MWG64MVUvCfbKUc7+nQ+pLgJOIHuA9r075i0TWWlBGE+BA==",
      "cpu": [
        "x64"
      ],
      "libc": [
        "glibc"
      ],
      "license": "MIT",
      "optional": true,
      "os": [
        "linux"
      ]
    },
    "node_modules/@oven/bun-linux-x64-android": {
      "version": "1.4.1",
      "resolved": "https://registry.npmjs.org/@oven/bun-linux-x64-android/-/bun-linux-x64-android-1.4.1.tgz",
      "integrity": "sha512-4+3nvh9mwkhDtO/zzbkeb/fwwMh4gZoMX7QvNTWNXqw4sh95DIvEHlHKXbnoHdCnWw6phZ84SdV3qZlWSn/PTw==",
      "cpu": [
        "x64"
      ],
      "license": "MIT",
      "optional": true,
      "os": [
        "android"
      ]
    },
    "node_modules/@oven/bun-linux-x64-musl": {
      "version": "1.4.1",
      "resolved": "https://registry.npmjs.org/@oven/bun-linux-x64-musl/-/bun-linux-x64-musl-1.4.1.tgz",
      "integrity": "sha512-SZ39LAOpqrWOsAq7AdpBd3pQUnnnEq3S1vOqtjDdAnW1ulijBfY/5D1ZjaGVnHb4Mpwkq0odMbfuibc72y3k8Q==",
      "cpu": [
        "x64"
      ],
      "libc": [
        "musl"
      ],
      "license": "MIT",
      "optional": true,
      "os": [
        "linux"
      ]
    },
    "node_modules/@oven/bun-windows-aarch64": {
      "version": "1.4.1",
      "resolved": "https://registry.npmjs.org/@oven/bun-windows-aarch64/-/bun-windows-aarch64-1.4.1.tgz",
      "integrity": "sha512-SwgCvLnxV2cvHsgFVVAHvZ+D8VMaj1Ymn7AIKD6bSURukStdvUGPxV2Fd9fjMrAusVU6NKXdl9mxdOnfOkzNEw==",
      "cpu": [
        "arm64"
      ],
      "license": "MIT",
      "optional": true,
      "os": [
        "win32"
      ]
    },
    "node_modules/@oven/bun-windows-x64": {
      "version": "1.4.1",
      "resolved": "https://registry.npmjs.org/@oven/bun-windows-x64/-/bun-windows-x64-1.4.1.tgz",
      "integrity": "sha512-InALswMzIrYIZ9UVZWpDzmvxoDMxY0Zde2B8Khv9h42AxGeOPU0mHS+QOT01nM5l9XLzj02f1n9/3KkQ7YSpmw==",
      "cpu": [
        "x64"
      ],
      "license": "MIT",
      "optional": true,
      "os": [
        "win32"
      ]
    },
    "node_modules/bun": {
      "version": "1.4.1",
      "resolved": "https://registry.npmjs.org/bun/-/bun-1.4.1.tgz",
      "integrity": "sha512-WToDxm4XO8zFLoTuFwqgZqjO4kX1i49+hEaBVP6KTZSyswpSmEzCrAsAXmAax0fHFZJ4gVrEWTFYtMZF2gNRwQ==",
      "cpu": [
        "arm64",
        "x64"
      ],
      "hasInstallScript": true,
      "license": "MIT",
      "os": [
        "darwin",
        "linux",
        "android",
        "freebsd",
        "win32"
      ],
      "bin": {
        "bun": "bin/bun.exe",
        "bunx": "bin/bunx.exe"
      },
      "optionalDependencies": {
        "@oven/bun-darwin-aarch64": "1.4.1",
        "@oven/bun-darwin-x64": "1.4.1",
        "@oven/bun-freebsd-aarch64": "1.4.1",
        "@oven/bun-freebsd-x64": "1.4.1",
        "@oven/bun-linux-aarch64": "1.4.1",
        "@oven/bun-linux-aarch64-android": "1.4.1",
        "@oven/bun-linux-aarch64-musl": "1.4.1",
        "@oven/bun-linux-x64": "1.4.1",
        "@oven/bun-linux-x64-android": "1.4.1",
        "@oven/bun-linux-x64-musl": "1.4.1",
        "@oven/bun-windows-aarch64": "1.4.1",
        "@oven/bun-windows-x64": "1.4.1"
      }
    },
    "node_modules/fsevents": {
      "version": "2.3.2",
      "resolved": "https://registry.npmjs.org/fsevents/-/fsevents-2.3.2.tgz",
      "integrity": "sha512-xiqMQR4xAeHTuB9uWm+fFRcIOgKBMiOBP+eXiyT7jsgVCq1bkVygt00oASowB7EdtpOHaaPgKt812P9ab+DDKA==",
      "dev": true,
      "hasInstallScript": true,
      "license": "MIT",
      "optional": true,
      "os": [
        "darwin"
      ],
      "engines": {
        "node": "^8.16.0 || ^10.6.0 || >=11.0.0"
      }
    },
    "node_modules/playwright": {
      "version": "1.62.1",
      "resolved": "https://registry.npmjs.org/playwright/-/playwright-1.62.1.tgz",
      "integrity": "sha512-0M+L3LAD8/nm554LOla9Ayx0j0tmFZ0FBcoQ7F1VuVHpM/XpiC8RcDzBQB8W5+hA8L22THxELzeF+2WcUzvcLg==",
      "dev": true,
      "dependencies": {
        "playwright-core": "1.62.1"
      },
      "bin": {
        "playwright": "cli.js"
      },
      "engines": {
        "node": ">=20"
      },
      "optionalDependencies": {
        "fsevents": "2.3.2"
      }
    },
    "node_modules/playwright-core": {
      "version": "1.62.1",
      "resolved": "https://registry.npmjs.org/playwright-core/-/playwright-core-1.62.1.tgz",
      "integrity": "sha512-wPYSwEBJY9GHraISXqyqtx0na0LpO3XEX7jNDhntbex7tzUS7kLnZsOlFruFJB4Hi/rhDMjXGqHewDZ68nYZVw==",
      "dev": true,
      "bin": {
        "playwright-core": "cli.js"
      },
      "engines": {
        "node": ">=20"
      }
    },
    "node_modules/typescript": {
      "version": "6.0.3",
      "resolved": "https://registry.npmjs.org/typescript/-/typescript-6.0.3.tgz",
      "integrity": "sha512-y2TvuxSZPDyQakkFRPZHKFm+KKVqIisdg9/CZwm9ftvKXLP8NRWj38/ODjNbr43SsoXqNuAisEf1GdCxqWcdBw==",
      "dev": true,
      "license": "Apache-2.0",
      "bin": {
        "tsc": "bin/tsc",
        "tsserver": "bin/tsserver"
      },
      "engines": {
        "node": ">=14.17"
      }
    }
  },
  "dependencies": {
    "@oven/bun-darwin-aarch64": {
      "version": "1.4.1",
      "resolved": "https://registry.npmjs.org/@oven/bun-darwin-aarch64/-/bun-darwin-aarch64-1.4.1.tgz",
      "integrity": "sha512-XDvoYbH1rH3fpFYM/9U6y3nSk9KPTqeDvAcCfseSbfu2iXerF0pX7dh0lAwevi2VooHjc6MsyyWwmRiaN33s/A==",
      "optional": true
    },
    "@oven/bun-darwin-x64": {
      "version": "1.4.1",
      "resolved": "https://registry.npmjs.org/@oven/bun-darwin-x64/-/bun-darwin-x64-1.4.1.tgz",
      "integrity": "sha512-i+eEXD6cUu7/pP3QGvfUlkOkY+J7O8XKggkSKS77yg++EUk1p1vqfG0loQXwHBIEycPYL9Tp7mKcixiARAT9nQ==",
      "optional": true
    },
    "@oven/bun-freebsd-aarch64": {
      "version": "1.4.1",
      "resolved": "https://registry.npmjs.org/@oven/bun-freebsd-aarch64/-/bun-freebsd-aarch64-1.4.1.tgz",
      "integrity": "sha512-v0iWcYXsV8m65LKhdQLnSxS/Q0nCcRkWZoqAXq286JByzt6SaWAJpFWrBdZUK7t1n2EvkkKts87SWIfFxNysEA==",
      "optional": true
    },
    "@oven/bun-freebsd-x64": {
      "version": "1.4.1",
      "resolved": "https://registry.npmjs.org/@oven/bun-freebsd-x64/-/bun-freebsd-x64-1.4.1.tgz",
      "integrity": "sha512-XjQE0hDpIvZnK6NErIh1mVI5XUWNFbo7jyysAW7PiHAGxok9rlqIQo2fQrY0XlkG8Cj7qjPGbV9PwFMXP5JHQg==",
      "optional": true
    },
    "@oven/bun-linux-aarch64": {
      "version": "1.4.1",
      "resolved": "https://registry.npmjs.org/@oven/bun-linux-aarch64/-/bun-linux-aarch64-1.4.1.tgz",
      "integrity": "sha512-QLY/skFymGa6vv9xPhxWwGh4QQzXvPhA3ocFVXaoB1Lcepcwo9dZ5TyMmAXIW/I4XImUsppUVGml0dp6QqwO9Q==",
      "optional": true
    },
    "@oven/bun-linux-aarch64-android": {
      "version": "1.4.1",
      "resolved": "https://registry.npmjs.org/@oven/bun-linux-aarch64-android/-/bun-linux-aarch64-android-1.4.1.tgz",
      "integrity": "sha512-iJwfQXu0CpIceOLeXZVLmjp0WwvRVea8KegCpE9LbuLiupVjzB3jzXI3PWhewo58hVYwG5H76zFSo4bRnVdfBg==",
      "optional": true
    },
    "@oven/bun-linux-aarch64-musl": {
      "version": "1.4.1",
      "resolved": "https://registry.npmjs.org/@oven/bun-linux-aarch64-musl/-/bun-linux-aarch64-musl-1.4.1.tgz",
      "integrity": "sha512-NlO+8jNIo9oGMRtUFA8pyc5OAgdn1yUjqg6k7ntOdOyf8iAIvAJyAU1z/rvMMmxlPlh2AbsQZiHrA6dkbKMVsg==",
      "optional": true
    },
    "@oven/bun-linux-x64": {
      "version": "1.4.1",
      "resolved": "https://registry.npmjs.org/@oven/bun-linux-x64/-/bun-linux-x64-1.4.1.tgz",
      "integrity": "sha512-ma2AO7f/0YZ1KLU7IHO0BFd41zryMbPA2hzgyIw5MWG64MVUvCfbKUc7+nQ+pLgJOIHuA9r075i0TWWlBGE+BA==",
      "optional": true
    },
    "@oven/bun-linux-x64-android": {
      "version": "1.4.1",
      "resolved": "https://registry.npmjs.org/@oven/bun-linux-x64-android/-/bun-linux-x64-android-1.4.1.tgz",
      "integrity": "sha512-4+3nvh9mwkhDtO/zzbkeb/fwwMh4gZoMX7QvNTWNXqw4sh95DIvEHlHKXbnoHdCnWw6phZ84SdV3qZlWSn/PTw==",
      "optional": true
    },
    "@oven/bun-linux-x64-musl": {
      "version": "1.4.1",
      "resolved": "https://registry.npmjs.org/@oven/bun-linux-x64-musl/-/bun-linux-x64-musl-1.4.1.tgz",
      "integrity": "sha512-SZ39LAOpqrWOsAq7AdpBd3pQUnnnEq3S1vOqtjDdAnW1ulijBfY/5D1ZjaGVnHb4Mpwkq0odMbfuibc72y3k8Q==",
      "optional": true
    },
    "@oven/bun-windows-aarch64": {
      "version": "1.4.1",
      "resolved": "https://registry.npmjs.org/@oven/bun-windows-aarch64/-/bun-windows-aarch64-1.4.1.tgz",
      "integrity": "sha512-SwgCvLnxV2cvHsgFVVAHvZ+D8VMaj1Ymn7AIKD6bSURukStdvUGPxV2Fd9fjMrAusVU6NKXdl9mxdOnfOkzNEw==",
      "optional": true
    },
    "@oven/bun-windows-x64": {
      "version": "1.4.1",
      "resolved": "https://registry.npmjs.org/@oven/bun-windows-x64/-/bun-windows-x64-1.4.1.tgz",
      "integrity": "sha512-InALswMzIrYIZ9UVZWpDzmvxoDMxY0Zde2B8Khv9h42AxGeOPU0mHS+QOT01nM5l9XLzj02f1n9/3KkQ7YSpmw==",
      "optional": true
    },
    "bun": {
      "version": "1.4.1",
      "resolved": "https://registry.npmjs.org/bun/-/bun-1.4.1.tgz",
      "integrity": "sha512-WToDxm4XO8zFLoTuFwqgZqjO4kX1i49+hEaBVP6KTZSyswpSmEzCrAsAXmAax0fHFZJ4gVrEWTFYtMZF2gNRwQ==",
      "requires": {
        "@oven/bun-darwin-aarch64": "1.4.1",
        "@oven/bun-darwin-x64": "1.4.1",
        "@oven/bun-freebsd-aarch64": "1.4.1",
        "@oven/bun-freebsd-x64": "1.4.1",
        "@oven/bun-linux-aarch64": "1.4.1",
        "@oven/bun-linux-aarch64-android": "1.4.1",
        "@oven/bun-linux-aarch64-musl": "1.4.1",
        "@oven/bun-linux-x64": "1.4.1",
        "@oven/bun-linux-x64-android": "1.4.1",
        "@oven/bun-linux-x64-musl": "1.4.1",
        "@oven/bun-windows-aarch64": "1.4.1",
        "@oven/bun-windows-x64": "1.4.1"
      }
    },
    "fsevents": {
      "version": "2.3.2",
      "resolved": "https://registry.npmjs.org/fsevents/-/fsevents-2.3.2.tgz",
      "integrity": "sha512-xiqMQR4xAeHTuB9uWm+fFRcIOgKBMiOBP+eXiyT7jsgVCq1bkVygt00oASowB7EdtpOHaaPgKt812P9ab+DDKA==",
      "dev": true,
      "optional": true
    },
    "playwright": {
      "version": "1.62.1",
      "resolved": "https://registry.npmjs.org/playwright/-/playwright-1.62.1.tgz",
      "integrity": "sha512-0M+L3LAD8/nm554LOla9Ayx0j0tmFZ0FBcoQ7F1VuVHpM/XpiC8RcDzBQB8W5+hA8L22THxELzeF+2WcUzvcLg==",
      "dev": true,
      "requires": {
        "fsevents": "2.3.2",
        "playwright-core": "1.62.1"
      }
    },
    "playwright-core": {
      "version": "1.62.1",
      "resolved": "https://registry.npmjs.org/playwright-core/-/playwright-core-1.62.1.tgz",
      "integrity": "sha512-wPYSwEBJY9GHraISXqyqtx0na0LpO3XEX7jNDhntbex7tzUS7kLnZsOlFruFJB4Hi/rhDMjXGqHewDZ68nYZVw==",
      "dev": true
    },
    "typescript": {
      "version": "6.0.3",
      "resolved": "https://registry.npmjs.org/typescript/-/typescript-6.0.3.tgz",
      "integrity": "sha512-y2TvuxSZPDyQakkFRPZHKFm+KKVqIisdg9/CZwm9ftvKXLP8NRWj38/ODjNbr43SsoXqNuAisEf1GdCxqWcdBw==",
      "dev": true
    }
  }
}
